{
  "name": "javascript",
  "version": "1.0.0",
  "lockfileVersion": 3,
  "requires": true,
  "packages": {
    "": {
      "version": "1.0.0",
      "license": "MIT",
      "dependencies": {
        "axios": "0.20.0",
        "hot-formula-parser": "2.0.0",
        "lodash": "4.17.21"
      }
    },
    "node_modules/axios": {
      "version": "0.20.0",
      "resolved": "https://registry.npmjs.org/axios/-/axios-0.20.0.tgz",
      "integrity": "sha512-ANA4rr2BDcmmAQLOKft2fufrtuvlqR+cXNNinUmvfeSNCOF98PZL+7M/v1zIdGo7OLjEA9J2gXJL+j4zGsl0bA==",
      "deprecated": "Critical security vulnerability fixed in v0.21.1. For more information, see https://github.com/axios/axios/pull/3410",
      "license": "MIT",
      "dependencies": {
        "follow-redirects": "^1.10.0"
      }
    },
    "node_modules/bessel": {
      "version": "0.2.0",
      "resolved": "https://registry.npmjs.org/bessel/-/bessel-0.2.0.tgz",
      "integrity": "sha512-YSU5mD46+x1PR8uq5SUx/NbVJCSOyrmw+ybOU2IjKj8RuHFea7wWUJ33+b1sqqPj4V0uxjE3PzdaF6hTsRpRKQ==",
      "license": "MIT",
      "dependencies": {
        "voc": ""
      }
    },
    "node_modules/follow-redirects": {
      "version": "1.15.9",
      "resolved": "https://registry.npmjs.org/follow-redirects/-/follow-redirects-1.15.9.tgz",
      "integrity": "sha512-gew4GsXizNgdoRyqmyfMHyAmXsZDk6mHkSxZFCzW9gwlbtOW44CDtYavM+y+72qD/Vq2l550kMF52DT8fOLJqQ==",
      "funding": [
        {
          "type": "individual",
          "url": "https://github.com/sponsors/RubenVerborgh"
        }
      ],
      "license": "MIT",
      "engines": {
        "node": ">=4.0"
      },
      "peerDependenciesMeta": {
        "debug": {
          "optional": true
        }
      }
    },
    "node_modules/formulajs": {
      "version": "1.0.6",
      "resolved": "git+ssh://git@github.com/handsontable/formula.js.git#5ab1300324b07a0cf42970fbe74c0a186333f8e9",
      "license": "MIT",
      "dependencies": {
        "bessel": "^0.2.0",
        "jStat": "^1.5.3",
        "numbro": "^1.8.0"
      },
      "bin": {
        "implementation-stats": "bin/implementation-stats"
      }
    },
    "node_modules/hot-formula-parser": {
      "version": "2.0.0",
      "resolved": "https://registry.npmjs.org/hot-formula-parser/-/hot-formula-parser-2.0.0.tgz",
      "integrity": "sha512-gqVVN2s+7HRo/Am2KjLYRQlt5IJ+W7yBHEXaZ+/lwP3c/YxcIw13AOnZN6uwOnM/Big1k9mSyGE/IlNLA/XUcg==",
      "license": "MIT",
      "dependencies": {
        "formulajs": "github:handsontable/formula.js#1.0.6",
        "tiny-emitter": "^1.0.2"
      }
    },
    "node_modules/jStat": {
      "version": "1.8.6",
      "resolved": "https://registry.npmjs.org/jStat/-/jStat-1.8.6.tgz",
      "integrity": "sha512-Oh/ePZVSoFigme69pHTQudcGh64cpNH9Lz3hBZcRJWLrDqpw7JfuYU9F3dj9py3tBYmHz7og7ZT8hXTNbYq9Rw=="
    },
    "node_modules/lodash": {
      "version": "4.17.21",
      "resolved": "https://registry.npmjs.org/lodash/-/lodash-4.17.21.tgz",
      "integrity": "sha512-v2kDEe57lecTulaDIuNTPy3Ry4gLGJ6Z1O3vE1krgXZNrsQ+LFTGHVxVjcXPs17LhbZVGedAJv8XZ1tvj5FvSg==",
      "license": "MIT"
    },
    "node_modules/numbro": {
      "version": "1.11.1",
      "resolved": "https://registry.npmjs.org/numbro/-/numbro-1.11.1.tgz",
      "integrity": "sha512-qL0Etqbunz4RtPx4bNjMONe9HyUpgbrM4Sa3VpWY5oRdp9ry5DufAj6lCvnIcluRBA9QUacrllYc73QK0G6VAw==",
      "license": "MIT",
      "engines": {
        "node": "*"
      }
    },
    "node_modules/tiny-emitter": {
      "version": "1.2.0",
      "resolved": "https://registry.npmjs.org/tiny-emitter/-/tiny-emitter-1.2.0.tgz",
      "integrity": "sha512-rWjF00inHeWtT5UbQYAXoMI4hL6TRMqohuKCsODyPYYmfAxqfMnXLsIeNrbdPEkNxlk++rojVilTnI9IVmEBtA==",
      "license": "MIT"
    },
    "node_modules/voc": {
      "version": "1.2.0",
      "resolved": "https://registry.npmjs.org/voc/-/voc-1.2.0.tgz",
      "integrity": "sha512-BOuDjFFYvJdZO6e/N65AlaDItXo2TgyLjeyRYcqgAPkXpp5yTJcvkL2n+syO1r9Qc5g96tfBD2tuiMhYDmaGcA==",
      "license": "Apache-2.0",
      "bin": {
        "voc": "voc.njs"
      },
      "engines": {
        "node": ">=0.8"
      }
    }
  }
}
