# THIS IS AN AUTOGENERATED FILE. DO NOT EDIT THIS FILE DIRECTLY.
# yarn lockfile v1


axios@0.20.0:
  version "0.20.0"
  resolved "https://registry.yarnpkg.com/axios/-/axios-0.20.0.tgz#057ba30f04884694993a8cd07fa394cff11c50bd"
  integrity sha512-ANA4rr2BDcmmAQLOKft2fufrtuvlqR+cXNNinUmvfeSNCOF98PZL+7M/v1zIdGo7OLjEA9J2gXJL+j4zGsl0bA==
  dependencies:
    follow-redirects "^1.10.0"

bessel@^0.2.0:
  version "0.2.0"
  resolved "https://registry.yarnpkg.com/bessel/-/bessel-0.2.0.tgz#13cb39cd29233219ec2da725e0ba0c66fb46b6f2"
  integrity sha512-YSU5mD46+x1PR8uq5SUx/NbVJCSOyrmw+ybOU2IjKj8RuHFea7wWUJ33+b1sqqPj4V0uxjE3PzdaF6hTsRpRKQ==
  dependencies:
    voc ""

follow-redirects@^1.10.0:
  version "1.15.9"
  resolved "https://registry.yarnpkg.com/follow-redirects/-/follow-redirects-1.15.9.tgz#a604fa10e443bf98ca94228d9eebcc2e8a2c8ee1"
  integrity sha512-gew4GsXizNgdoRyqmyfMHyAmXsZDk6mHkSxZFCzW9gwlbtOW44CDtYavM+y+72qD/Vq2l550kMF52DT8fOLJqQ==

"formulajs@github:handsontable/formula.js#1.0.6":
  version "1.0.6"
  uid "5ab1300324b07a0cf42970fbe74c0a186333f8e9"
  resolved "https://codeload.github.com/handsontable/formula.js/tar.gz/5ab1300324b07a0cf42970fbe74c0a186333f8e9"
  dependencies:
    bessel "^0.2.0"
    jStat "^1.5.3"
    numbro "^1.8.0"

hot-formula-parser@2.0.0:
  version "2.0.0"
  resolved "https://registry.yarnpkg.com/hot-formula-parser/-/hot-formula-parser-2.0.0.tgz#8c5c47c09487c3d1747ad542f675f95fd2ad11b9"
  integrity sha512-gqVVN2s+7HRo/Am2KjLYRQlt5IJ+W7yBHEXaZ+/lwP3c/YxcIw13AOnZN6uwOnM/Big1k9mSyGE/IlNLA/XUcg==
  dependencies:
    formulajs "github:handsontable/formula.js#1.0.6"
    tiny-emitter "^1.0.2"

jStat@^1.5.3:
  version "1.8.6"
  resolved "https://registry.yarnpkg.com/jStat/-/jStat-1.8.6.tgz#ab4d465b21f583d37a72ab2f97a300492da7575d"
  integrity sha512-Oh/ePZVSoFigme69pHTQudcGh64cpNH9Lz3hBZcRJWLrDqpw7JfuYU9F3dj9py3tBYmHz7og7ZT8hXTNbYq9Rw==

lodash@4.17.21:
  version "4.17.21"
  resolved "https://registry.yarnpkg.com/lodash/-/lodash-4.17.21.tgz#679591c564c3bffaae8454cf0b3df370c3d6911c"
  integrity sha512-v2kDEe57lecTulaDIuNTPy3Ry4gLGJ6Z1O3vE1krgXZNrsQ+LFTGHVxVjcXPs17LhbZVGedAJv8XZ1tvj5FvSg==

numbro@^1.8.0:
  version "1.11.1"
  resolved "https://registry.yarnpkg.com/numbro/-/numbro-1.11.1.tgz#e0d9ba0ddfc3ad5ac01d9558a49383db214f04be"
  integrity sha512-qL0Etqbunz4RtPx4bNjMONe9HyUpgbrM4Sa3VpWY5oRdp9ry5DufAj6lCvnIcluRBA9QUacrllYc73QK0G6VAw==

tiny-emitter@^1.0.2:
  version "1.2.0"
  resolved "https://registry.yarnpkg.com/tiny-emitter/-/tiny-emitter-1.2.0.tgz#6dc845052cb08ebefc1874723b58f24a648c3b6f"
  integrity sha512-rWjF00inHeWtT5UbQYAXoMI4hL6TRMqohuKCsODyPYYmfAxqfMnXLsIeNrbdPEkNxlk++rojVilTnI9IVmEBtA==

voc@:
  version "1.2.0"
  resolved "https://registry.yarnpkg.com/voc/-/voc-1.2.0.tgz#c459024531d71067c09e2c0c2bda6c2b13af32d8"
  integrity sha512-BOuDjFFYvJdZO6e/N65AlaDItXo2TgyLjeyRYcqgAPkXpp5yTJcvkL2n+syO1r9Qc5g96tfBD2tuiMhYDmaGcA==
